
Microsoft Visual Studio Solution File, Format Version 12.00
# Visual Studio Version 16
VisualStudioVersion = 16.0.29613.14
MinimumVisualStudioVersion = 10.0.40219.1
Project("{FAE04EC0-301F-11D3-BF4B-00C04F79EFBC}") = "CaseApi", "CaseApi.csproj", "{2EFD17FF-B34F-43B8-A4B4-7C35A204F28E}"
EndProject
Global
	GlobalSection(SolutionConfigurationPlatforms) = preSolution
		Debug|Any CPU = Debug|Any CPU
		Release|Any CPU = Release|Any CPU
	EndGlobalSection
	GlobalSection(ProjectConfigurationPlatforms) = postSolution
		{2EFD17FF-B34F-43B8-A4B4-7C35A204F28E}.Debug|Any CPU.ActiveCfg = Debug|Any CPU
		{2EFD17FF-B34F-43B8-A4B4-7C35A204F28E}.Debug|Any CPU.Build.0 = Debug|Any CPU
		{2EFD17FF-B34F-43B8-A4B4-7C35A204F28E}.Release|Any CPU.ActiveCfg = Release|Any CPU
		{2EFD17FF-B34F-43B8-A4B4-7C35A204F28E}.Release|Any CPU.Build.0 = Release|Any CPU
	EndGlobalSection
	GlobalSection(SolutionProperties) = preSolution
		HideSolutionNode = FALSE
	EndGlobalSection
	GlobalSection(ExtensibilityGlobals) = postSolution
		SolutionGuid = {D9F3071C-BD73-4556-9D4E-950D3B0B2F13}
	EndGlobalSection
EndGlobal
